// !$*UTF8*$!
{
	archiveVersion = 1;
	classes = {
	};
	objectVersion = 46;
	objects = {

/* Begin PBXBuildFile section */
		2FF7D30C9304347AA0A7E1C7 /* Pods.framework in Frameworks */ = {isa = PBXBuildFile; fileRef = 3514BB3D53BBADB0BCE35370 /* Pods.framework */; };
		81AF48DB1C384BE700309615 /* AppDelegate.swift in Sources */ = {isa = PBXBuildFile; fileRef = 81AF48DA1C384BE700309615 /* AppDelegate.swift */; };
		81AF48DD1C384BE700309615 /* LoginController.swift in Sources */ = {isa = PBXBuildFile; fileRef = 81AF48DC1C384BE700309615 /* LoginController.swift */; };
		81AF48E01C384BE700309615 /* Main.storyboard in Resources */ = {isa = PBXBuildFile; fileRef = 81AF48DE1C384BE700309615 /* Main.storyboard */; };
		81AF48E21C384BE700309615 /* Assets.xcassets in Resources */ = {isa = PBXBuildFile; fileRef = 81AF48E11C384BE700309615 /* Assets.xcassets */; };
		81AF48E51C384BE700309615 /* LaunchScreen.storyboard in Resources */ = {isa = PBXBuildFile; fileRef = 81AF48E31C384BE700309615 /* LaunchScreen.storyboard */; };
		81AF48ED1C38691500309615 /* LearnViewController.swift in Sources */ = {isa = PBXBuildFile; fileRef = 81AF48EC1C38691500309615 /* LearnViewController.swift */; };
		81AF48EF1C3870D500309615 /* ProjectViewController.swift in Sources */ = {isa = PBXBuildFile; fileRef = 81AF48EE1C3870D500309615 /* ProjectViewController.swift */; };
		81AF48F11C38711500309615 /* RewardsViewController.swift in Sources */ = {isa = PBXBuildFile; fileRef = 81AF48F01C38711500309615 /* RewardsViewController.swift */; };
		81AF48F31C3873D200309615 /* CreateAccountViewController.swift in Sources */ = {isa = PBXBuildFile; fileRef = 81AF48F21C3873D200309615 /* CreateAccountViewController.swift */; };
		81AF48F51C38742400309615 /* SurveyViewController.swift in Sources */ = {isa = PBXBuildFile; fileRef = 81AF48F41C38742400309615 /* SurveyViewController.swift */; };
		81AF48F71C387AF700309615 /* MainViewController.swift in Sources */ = {isa = PBXBuildFile; fileRef = 81AF48F61C387AF700309615 /* MainViewController.swift */; };
		81AF48FA1C38956500309615 /* RewardsSystemViewController.swift in Sources */ = {isa = PBXBuildFile; fileRef = 81AF48F91C38956500309615 /* RewardsSystemViewController.swift */; };
		81AF48FC1C3896AD00309615 /* PointsRedemptionViewController.swift in Sources */ = {isa = PBXBuildFile; fileRef = 81AF48FB1C3896AD00309615 /* PointsRedemptionViewController.swift */; };
		81AF48FE1C3896FA00309615 /* PointsRedemptionInfoViewController.swift in Sources */ = {isa = PBXBuildFile; fileRef = 81AF48FD1C3896FA00309615 /* PointsRedemptionInfoViewController.swift */; };
		8B9335631C38D7F4002E9891 /* Project.swift in Sources */ = {isa = PBXBuildFile; fileRef = 8B9335621C38D7F3002E9891 /* Project.swift */; };
		8B9335671C38DBDC002E9891 /* libsmisdk.a in Frameworks */ = {isa = PBXBuildFile; fileRef = 8B9335651C38DBDC002E9891 /* libsmisdk.a */; };
		8B9C37DE1C386B0E0012EB24 /* DataRewards.swift in Sources */ = {isa = PBXBuildFile; fileRef = 8B9C37DD1C386B0E0012EB24 /* DataRewards.swift */; };
		8B9C37E01C386EC10012EB24 /* SponsoredData.swift in Sources */ = {isa = PBXBuildFile; fileRef = 8B9C37DF1C386EC10012EB24 /* SponsoredData.swift */; };
/* End PBXBuildFile section */

/* Begin PBXFileReference section */
		3514BB3D53BBADB0BCE35370 /* Pods.framework */ = {isa = PBXFileReference; explicitFileType = wrapper.framework; includeInIndex = 0; path = Pods.framework; sourceTree = BUILT_PRODUCTS_DIR; };
		3A4B6EFEB6E1481BE090FFDA /* Pods.release.xcconfig */ = {isa = PBXFileReference; includeInIndex = 1; lastKnownFileType = text.xcconfig; name = Pods.release.xcconfig; path = "Pods/Target Support Files/Pods/Pods.release.xcconfig"; sourceTree = "<group>"; };
		81AF48D71C384BE700309615 /* Vize.app */ = {isa = PBXFileReference; explicitFileType = wrapper.application; includeInIndex = 0; path = Vize.app; sourceTree = BUILT_PRODUCTS_DIR; };
		81AF48DA1C384BE700309615 /* AppDelegate.swift */ = {isa = PBXFileReference; lastKnownFileType = sourcecode.swift; path = AppDelegate.swift; sourceTree = "<group>"; };
		81AF48DC1C384BE700309615 /* LoginController.swift */ = {isa = PBXFileReference; lastKnownFileType = sourcecode.swift; path = LoginController.swift; sourceTree = "<group>"; };
		81AF48DF1C384BE700309615 /* Base */ = {isa = PBXFileReference; lastKnownFileType = file.storyboard; name = Base; path = Base.lproj/Main.storyboard; sourceTree = "<group>"; };
		81AF48E11C384BE700309615 /* Assets.xcassets */ = {isa = PBXFileReference; lastKnownFileType = folder.assetcatalog; path = Assets.xcassets; sourceTree = "<group>"; };
		81AF48E41C384BE700309615 /* Base */ = {isa = PBXFileReference; lastKnownFileType = file.storyboard; name = Base; path = Base.lproj/LaunchScreen.storyboard; sourceTree = "<group>"; };
		81AF48E61C384BE700309615 /* Info.plist */ = {isa = PBXFileReference; lastKnownFileType = text.plist.xml; path = Info.plist; sourceTree = "<group>"; };
		81AF48EC1C38691500309615 /* LearnViewController.swift */ = {isa = PBXFileReference; fileEncoding = 4; lastKnownFileType = sourcecode.swift; path = LearnViewController.swift; sourceTree = "<group>"; };
		81AF48EE1C3870D500309615 /* ProjectViewController.swift */ = {isa = PBXFileReference; fileEncoding = 4; lastKnownFileType = sourcecode.swift; path = ProjectViewController.swift; sourceTree = "<group>"; };
		81AF48F01C38711500309615 /* RewardsViewController.swift */ = {isa = PBXFileReference; fileEncoding = 4; lastKnownFileType = sourcecode.swift; path = RewardsViewController.swift; sourceTree = "<group>"; };
		81AF48F21C3873D200309615 /* CreateAccountViewController.swift */ = {isa = PBXFileReference; fileEncoding = 4; lastKnownFileType = sourcecode.swift; path = CreateAccountViewController.swift; sourceTree = "<group>"; };
		81AF48F41C38742400309615 /* SurveyViewController.swift */ = {isa = PBXFileReference; fileEncoding = 4; lastKnownFileType = sourcecode.swift; path = SurveyViewController.swift; sourceTree = "<group>"; };
		81AF48F61C387AF700309615 /* MainViewController.swift */ = {isa = PBXFileReference; fileEncoding = 4; lastKnownFileType = sourcecode.swift; path = MainViewController.swift; sourceTree = "<group>"; };
		81AF48F91C38956500309615 /* RewardsSystemViewController.swift */ = {isa = PBXFileReference; fileEncoding = 4; lastKnownFileType = sourcecode.swift; path = RewardsSystemViewController.swift; sourceTree = "<group>"; };
		81AF48FB1C3896AD00309615 /* PointsRedemptionViewController.swift */ = {isa = PBXFileReference; fileEncoding = 4; lastKnownFileType = sourcecode.swift; path = PointsRedemptionViewController.swift; sourceTree = "<group>"; };
		81AF48FD1C3896FA00309615 /* PointsRedemptionInfoViewController.swift */ = {isa = PBXFileReference; fileEncoding = 4; lastKnownFileType = sourcecode.swift; path = PointsRedemptionInfoViewController.swift; sourceTree = "<group>"; };
		8B9335621C38D7F3002E9891 /* Project.swift */ = {isa = PBXFileReference; fileEncoding = 4; lastKnownFileType = sourcecode.swift; path = Project.swift; sourceTree = "<group>"; };
		8B9335651C38DBDC002E9891 /* libsmisdk.a */ = {isa = PBXFileReference; lastKnownFileType = archive.ar; path = libsmisdk.a; sourceTree = "<group>"; };
		8B9335661C38DBDC002E9891 /* SmiSdk.h */ = {isa = PBXFileReference; fileEncoding = 4; lastKnownFileType = sourcecode.c.h; path = SmiSdk.h; sourceTree = "<group>"; };
		8B9335691C38E2FB002E9891 /* BridgeHeader.h */ = {isa = PBXFileReference; fileEncoding = 4; lastKnownFileType = sourcecode.c.h; path = BridgeHeader.h; sourceTree = "<group>"; };
		8B9C37DD1C386B0E0012EB24 /* DataRewards.swift */ = {isa = PBXFileReference; fileEncoding = 4; lastKnownFileType = sourcecode.swift; path = DataRewards.swift; sourceTree = "<group>"; };
		8B9C37DF1C386EC10012EB24 /* SponsoredData.swift */ = {isa = PBXFileReference; fileEncoding = 4; lastKnownFileType = sourcecode.swift; path = SponsoredData.swift; sourceTree = "<group>"; };
		ED1CDE8EB91138C49432709C /* Pods.debug.xcconfig */ = {isa = PBXFileReference; includeInIndex = 1; lastKnownFileType = text.xcconfig; name = Pods.debug.xcconfig; path = "Pods/Target Support Files/Pods/Pods.debug.xcconfig"; sourceTree = "<group>"; };
/* End PBXFileReference section */

/* Begin PBXFrameworksBuildPhase section */
		81AF48D41C384BE700309615 /* Frameworks */ = {
			isa = PBXFrameworksBuildPhase;
			buildActionMask = 2147483647;
			files = (
				8B9335671C38DBDC002E9891 /* libsmisdk.a in Frameworks */,
				2FF7D30C9304347AA0A7E1C7 /* Pods.framework in Frameworks */,
			);
			runOnlyForDeploymentPostprocessing = 0;
		};
/* End PBXFrameworksBuildPhase section */

/* Begin PBXGroup section */
		498C7A1AADE40285FF5D5C97 /* Frameworks */ = {
			isa = PBXGroup;
			children = (
				3514BB3D53BBADB0BCE35370 /* Pods.framework */,
			);
			name = Frameworks;
			sourceTree = "<group>";
		};
		81AF48CE1C384BE700309615 = {
			isa = PBXGroup;
			children = (
				81AF48D91C384BE700309615 /* Vize */,
				81AF48D81C384BE700309615 /* Products */,
				C373F3DF20DBA56562B31F9D /* Pods */,
				498C7A1AADE40285FF5D5C97 /* Frameworks */,
			);
			sourceTree = "<group>";
		};
		81AF48D81C384BE700309615 /* Products */ = {
			isa = PBXGroup;
			children = (
				81AF48D71C384BE700309615 /* Vize.app */,
			);
			name = Products;
			sourceTree = "<group>";
		};
		81AF48D91C384BE700309615 /* Vize */ = {
			isa = PBXGroup;
			children = (
				8B9335691C38E2FB002E9891 /* BridgeHeader.h */,
				8B9335651C38DBDC002E9891 /* libsmisdk.a */,
				8B9335661C38DBDC002E9891 /* SmiSdk.h */,
				8B9335611C38D76E002E9891 /* Models */,
				81AF48DA1C384BE700309615 /* AppDelegate.swift */,
				81AF48DC1C384BE700309615 /* LoginController.swift */,
				81AF48DE1C384BE700309615 /* Main.storyboard */,
				81AF48E11C384BE700309615 /* Assets.xcassets */,
				81AF48E31C384BE700309615 /* LaunchScreen.storyboard */,
				81AF48E61C384BE700309615 /* Info.plist */,
				8B9C37DD1C386B0E0012EB24 /* DataRewards.swift */,
				8B9C37DF1C386EC10012EB24 /* SponsoredData.swift */,
				81AF48EC1C38691500309615 /* LearnViewController.swift */,
				81AF48EE1C3870D500309615 /* ProjectViewController.swift */,
				81AF48F01C38711500309615 /* RewardsViewController.swift */,
				81AF48F21C3873D200309615 /* CreateAccountViewController.swift */,
				81AF48F41C38742400309615 /* SurveyViewController.swift */,
				81AF48F61C387AF700309615 /* MainViewController.swift */,
				81AF48F91C38956500309615 /* RewardsSystemViewController.swift */,
				81AF48FB1C3896AD00309615 /* PointsRedemptionViewController.swift */,
				81AF48FD1C3896FA00309615 /* PointsRedemptionInfoViewController.swift */,
			);
			path = Vize;
			sourceTree = "<group>";
		};
		8B9335611C38D76E002E9891 /* Models */ = {
			isa = PBXGroup;
			children = (
				8B9335621C38D7F3002E9891 /* Project.swift */,
			);
			name = Models;
			sourceTree = "<group>";
		};
		C373F3DF20DBA56562B31F9D /* Pods */ = {
			isa = PBXGroup;
			children = (
				ED1CDE8EB91138C49432709C /* Pods.debug.xcconfig */,
				3A4B6EFEB6E1481BE090FFDA /* Pods.release.xcconfig */,
			);
			name = Pods;
			sourceTree = "<group>";
		};
/* End PBXGroup section */

/* Begin PBXNativeTarget section */
		81AF48D61C384BE700309615 /* Vize */ = {
			isa = PBXNativeTarget;
			buildConfigurationList = 81AF48E91C384BE700309615 /* Build configuration list for PBXNativeTarget "Vize" */;
			buildPhases = (
				2F4F0BF98D64B63B64361F4C /* Check Pods Manifest.lock */,
				81AF48D31C384BE700309615 /* Sources */,
				81AF48D41C384BE700309615 /* Frameworks */,
				81AF48D51C384BE700309615 /* Resources */,
				0BABC9731E183E3F9E2824B0 /* Embed Pods Frameworks */,
				0FD3B3F19DEE4ED59F24333B /* Copy Pods Resources */,
			);
			buildRules = (
			);
			dependencies = (
			);
			name = Vize;
			productName = Vize;
			productReference = 81AF48D71C384BE700309615 /* Vize.app */;
			productType = "com.apple.product-type.application";
		};
/* End PBXNativeTarget section */

/* Begin PBXProject section */
		81AF48CF1C384BE700309615 /* Project object */ = {
			isa = PBXProject;
			attributes = {
				LastSwiftUpdateCheck = 0720;
				LastUpgradeCheck = 0720;
				ORGANIZATIONNAME = shortkey;
				TargetAttributes = {
					81AF48D61C384BE700309615 = {
						CreatedOnToolsVersion = 7.2;
					};
				};
			};
			buildConfigurationList = 81AF48D21C384BE700309615 /* Build configuration list for PBXProject "Vize" */;
			compatibilityVersion = "Xcode 3.2";
			developmentRegion = English;
			hasScannedForEncodings = 0;
			knownRegions = (
				en,
				Base,
			);
			mainGroup = 81AF48CE1C384BE700309615;
			productRefGroup = 81AF48D81C384BE700309615 /* Products */;
			projectDirPath = "";
			projectRoot = "";
			targets = (
				81AF48D61C384BE700309615 /* Vize */,
			);
		};
/* End PBXProject section */

/* Begin PBXResourcesBuildPhase section */
		81AF48D51C384BE700309615 /* Resources */ = {
			isa = PBXResourcesBuildPhase;
			buildActionMask = 2147483647;
			files = (
				81AF48E51C384BE700309615 /* LaunchScreen.storyboard in Resources */,
				81AF48E21C384BE700309615 /* Assets.xcassets in Resources */,
				81AF48E01C384BE700309615 /* Main.storyboard in Resources */,
			);
			runOnlyForDeploymentPostprocessing = 0;
		};
/* End PBXResourcesBuildPhase section */

/* Begin PBXShellScriptBuildPhase section */
		0BABC9731E183E3F9E2824B0 /* Embed Pods Frameworks */ = {
			isa = PBXShellScriptBuildPhase;
			buildActionMask = 2147483647;
			files = (
			);
			inputPaths = (
			);
			name = "Embed Pods Frameworks";
			outputPaths = (
			);
			runOnlyForDeploymentPostprocessing = 0;
			shellPath = /bin/sh;
			shellScript = "\"${SRCROOT}/Pods/Target Support Files/Pods/Pods-frameworks.sh\"\n";
			showEnvVarsInLog = 0;
		};
		0FD3B3F19DEE4ED59F24333B /* Copy Pods Resources */ = {
			isa = PBXShellScriptBuildPhase;
			buildActionMask = 2147483647;
			files = (
			);
			inputPaths = (
			);
			name = "Copy Pods Resources";
			outputPaths = (
			);
			runOnlyForDeploymentPostprocessing = 0;
			shellPath = /bin/sh;
			shellScript = "\"${SRCROOT}/Pods/Target Support Files/Pods/Pods-resources.sh\"\n";
			showEnvVarsInLog = 0;
		};
		2F4F0BF98D64B63B64361F4C /* Check Pods Manifest.lock */ = {
			isa = PBXShellScriptBuildPhase;
			buildActionMask = 2147483647;
			files = (
			);
			inputPaths = (
			);
			name = "Check Pods Manifest.lock";
			outputPaths = (
			);
			runOnlyForDeploymentPostprocessing = 0;
			shellPath = /bin/sh;
			shellScript = "diff \"${PODS_ROOT}/../Podfile.lock\" \"${PODS_ROOT}/Manifest.lock\" > /dev/null\nif [[ $? != 0 ]] ; then\n    cat << EOM\nerror: The sandbox is not in sync with the Podfile.lock. Run 'pod install' or update your CocoaPods installation.\nEOM\n    exit 1\nfi\n";
			showEnvVarsInLog = 0;
		};
/* End PBXShellScriptBuildPhase section */

/* Begin PBXSourcesBuildPhase section */
		81AF48D31C384BE700309615 /* Sources */ = {
			isa = PBXSourcesBuildPhase;
			buildActionMask = 2147483647;
			files = (
				81AF48DD1C384BE700309615 /* LoginController.swift in Sources */,
				8B9C37E01C386EC10012EB24 /* SponsoredData.swift in Sources */,
				8B9C37DE1C386B0E0012EB24 /* DataRewards.swift in Sources */,
				81AF48F31C3873D200309615 /* CreateAccountViewController.swift in Sources */,
				81AF48F51C38742400309615 /* SurveyViewController.swift in Sources */,
				8B9335631C38D7F4002E9891 /* Project.swift in Sources */,
				81AF48F11C38711500309615 /* RewardsViewController.swift in Sources */,
				81AF48EF1C3870D500309615 /* ProjectViewController.swift in Sources */,
				81AF48DB1C384BE700309615 /* AppDelegate.swift in Sources */,
				81AF48ED1C38691500309615 /* LearnViewController.swift in Sources */,
				81AF48FA1C38956500309615 /* RewardsSystemViewController.swift in Sources */,
				81AF48FE1C3896FA00309615 /* PointsRedemptionInfoViewController.swift in Sources */,
				81AF48FC1C3896AD00309615 /* PointsRedemptionViewController.swift in Sources */,
				81AF48F71C387AF700309615 /* MainViewController.swift in Sources */,
			);
			runOnlyForDeploymentPostprocessing = 0;
		};
/* End PBXSourcesBuildPhase section */

/* Begin PBXVariantGroup section */
		81AF48DE1C384BE700309615 /* Main.storyboard */ = {
			isa = PBXVariantGroup;
			children = (
				81AF48DF1C384BE700309615 /* Base */,
			);
			name = Main.storyboard;
			sourceTree = "<group>";
		};
		81AF48E31C384BE700309615 /* LaunchScreen.storyboard */ = {
			isa = PBXVariantGroup;
			children = (
				81AF48E41C384BE700309615 /* Base */,
			);
			name = LaunchScreen.storyboard;
			sourceTree = "<group>";
		};
/* End PBXVariantGroup section */

/* Begin XCBuildConfiguration section */
		81AF48E71C384BE700309615 /* Debug */ = {
			isa = XCBuildConfiguration;
			buildSettings = {
				ALWAYS_SEARCH_USER_PATHS = NO;
				CLANG_CXX_LANGUAGE_STANDARD = "gnu++0x";
				CLANG_CXX_LIBRARY = "libc++";
				CLANG_ENABLE_MODULES = YES;
				CLANG_ENABLE_OBJC_ARC = YES;
				CLANG_WARN_BOOL_CONVERSION = YES;
				CLANG_WARN_CONSTANT_CONVERSION = YES;
				CLANG_WARN_DIRECT_OBJC_ISA_USAGE = YES_ERROR;
				CLANG_WARN_EMPTY_BODY = YES;
				CLANG_WARN_ENUM_CONVERSION = YES;
				CLANG_WARN_INT_CONVERSION = YES;
				CLANG_WARN_OBJC_ROOT_CLASS = YES_ERROR;
				CLANG_WARN_UNREACHABLE_CODE = YES;
				CLANG_WARN__DUPLICATE_METHOD_MATCH = YES;
				"CODE_SIGN_IDENTITY[sdk=iphoneos*]" = "iPhone Developer";
				COPY_PHASE_STRIP = NO;
				DEBUG_INFORMATION_FORMAT = dwarf;
				ENABLE_STRICT_OBJC_MSGSEND = YES;
				ENABLE_TESTABILITY = YES;
				GCC_C_LANGUAGE_STANDARD = gnu99;
				GCC_DYNAMIC_NO_PIC = NO;
				GCC_NO_COMMON_BLOCKS = YES;
				GCC_OPTIMIZATION_LEVEL = 0;
				GCC_PREPROCESSOR_DEFINITIONS = (
					"DEBUG=1",
					"$(inherited)",
				);
				GCC_WARN_64_TO_32_BIT_CONVERSION = YES;
				GCC_WARN_ABOUT_RETURN_TYPE = YES_ERROR;
				GCC_WARN_UNDECLARED_SELECTOR = YES;
				GCC_WARN_UNINITIALIZED_AUTOS = YES_AGGRESSIVE;
				GCC_WARN_UNUSED_FUNCTION = YES;
				GCC_WARN_UNUSED_VARIABLE = YES;
				IPHONEOS_DEPLOYMENT_TARGET = 9.2;
				MTL_ENABLE_DEBUG_INFO = YES;
				ONLY_ACTIVE_ARCH = YES;
				SDKROOT = iphoneos;
				SWIFT_OPTIMIZATION_LEVEL = "-Onone";
			};
			name = Debug;
		};
		81AF48E81C384BE700309615 /* Release */ = {
			isa = XCBuildConfiguration;
			buildSettings = {
				ALWAYS_SEARCH_USER_PATHS = NO;
				CLANG_CXX_LANGUAGE_STANDARD = "gnu++0x";
				CLANG_CXX_LIBRARY = "libc++";
				CLANG_ENABLE_MODULES = YES;
				CLANG_ENABLE_OBJC_ARC = YES;
				CLANG_WARN_BOOL_CONVERSION = YES;
				CLANG_WARN_CONSTANT_CONVERSION = YES;
				CLANG_WARN_DIRECT_OBJC_ISA_USAGE = YES_ERROR;
				CLANG_WARN_EMPTY_BODY = YES;
				CLANG_WARN_ENUM_CONVERSION = YES;
				CLANG_WARN_INT_CONVERSION = YES;
				CLANG_WARN_OBJC_ROOT_CLASS = YES_ERROR;
				CLANG_WARN_UNREACHABLE_CODE = YES;
				CLANG_WARN__DUPLICATE_METHOD_MATCH = YES;
				"CODE_SIGN_IDENTITY[sdk=iphoneos*]" = "iPhone Developer";
				COPY_PHASE_STRIP = NO;
				DEBUG_INFORMATION_FORMAT = "dwarf-with-dsym";
				ENABLE_NS_ASSERTIONS = NO;
				ENABLE_STRICT_OBJC_MSGSEND = YES;
				GCC_C_LANGUAGE_STANDARD = gnu99;
				GCC_NO_COMMON_BLOCKS = YES;
				GCC_WARN_64_TO_32_BIT_CONVERSION = YES;
				GCC_WARN_ABOUT_RETURN_TYPE = YES_ERROR;
				GCC_WARN_UNDECLARED_SELECTOR = YES;
				GCC_WARN_UNINITIALIZED_AUTOS = YES_AGGRESSIVE;
				GCC_WARN_UNUSED_FUNCTION = YES;
				GCC_WARN_UNUSED_VARIABLE = YES;
				IPHONEOS_DEPLOYMENT_TARGET = 9.2;
				MTL_ENABLE_DEBUG_INFO = NO;
				SDKROOT = iphoneos;
				VALIDATE_PRODUCT = YES;
			};
			name = Release;
		};
		81AF48EA1C384BE700309615 /* Debug */ = {
			isa = XCBuildConfiguration;
			baseConfigurationReference = ED1CDE8EB91138C49432709C /* Pods.debug.xcconfig */;
			buildSettings = {
				ASSETCATALOG_COMPILER_APPICON_NAME = AppIcon;
				CODE_SIGN_IDENTITY = "iPhone Developer";
				ENABLE_BITCODE = NO;
				INFOPLIST_FILE = Vize/Info.plist;
				LD_RUNPATH_SEARCH_PATHS = "$(inherited) @executable_path/Frameworks";
				LIBRARY_SEARCH_PATHS = (
					"$(inherited)",
					"$(PROJECT_DIR)/Pods/Target",
					Support,
					Files/Pods,
					"$(PROJECT_DIR)/Vize",
				);
				PRODUCT_BUNDLE_IDENTIFIER = com.shortkey.Vize;
				PRODUCT_NAME = "$(TARGET_NAME)";
				SWIFT_OBJC_BRIDGING_HEADER = "$(SRCROOT)/Vize/BridgeHeader.h";
				USER_HEADER_SEARCH_PATHS = "$(SRCROOT)/Vize/";
			};
			name = Debug;
		};
		81AF48EB1C384BE700309615 /* Release */ = {
			isa = XCBuildConfiguration;
			baseConfigurationReference = 3A4B6EFEB6E1481BE090FFDA /* Pods.release.xcconfig */;
			buildSettings = {
				ASSETCATALOG_COMPILER_APPICON_NAME = AppIcon;
				CODE_SIGN_IDENTITY = "iPhone Developer";
				ENABLE_BITCODE = NO;
				INFOPLIST_FILE = Vize/Info.plist;
				LD_RUNPATH_SEARCH_PATHS = "$(inherited) @executable_path/Frameworks";
				LIBRARY_SEARCH_PATHS = (
					"$(inherited)",
					"$(PROJECT_DIR)/Pods/Target",
					Support,
					Files/Pods,
					"$(PROJECT_DIR)/Vize",
				);
				PRODUCT_BUNDLE_IDENTIFIER = com.shortkey.Vize;
				PRODUCT_NAME = "$(TARGET_NAME)";
				SWIFT_OBJC_BRIDGING_HEADER = "$(SRCROOT)/Vize/BridgeHeader.h";
				USER_HEADER_SEARCH_PATHS = "$(SRCROOT)/Vize/";
			};
			name = Release;
		};
/* End XCBuildConfiguration section */

/* Begin XCConfigurationList section */
		81AF48D21C384BE700309615 /* Build configuration list for PBXProject "Vize" */ = {
			isa = XCConfigurationList;
			buildConfigurations = (
				81AF48E71C384BE700309615 /* Debug */,
				81AF48E81C384BE700309615 /* Release */,
			);
			defaultConfigurationIsVisible = 0;
			defaultConfigurationName = Release;
		};
		81AF48E91C384BE700309615 /* Build configuration list for PBXNativeTarget "Vize" */ = {
			isa = XCConfigurationList;
			buildConfigurations = (
				81AF48EA1C384BE700309615 /* Debug */,
				81AF48EB1C384BE700309615 /* Release */,
			);
			defaultConfigurationIsVisible = 0;
			defaultConfigurationName = Release;
		};
/* End XCConfigurationList section */
	};
	rootObject = 81AF48CF1C384BE700309615 /* Project object */;
}
